
Microsoft Visual Studio Solution File, Format Version 12.00
# Visual Studio Version 16
VisualStudioVersion = 16.0.30523.141
MinimumVisualStudioVersion = 10.0.40219.1
Project("{FAE04EC0-301F-11D3-BF4B-00C04F79EFBC}") = "MyDewey", "MyDewey\MyDewey.csproj", "{E67248AF-E7F1-4FA9-954F-050C29ED07A5}"
EndProject
Global
	GlobalSection(SolutionConfigurationPlatforms) = preSolution
		Debug|Any CPU = Debug|Any CPU
		Release|Any CPU = Release|Any CPU
	EndGlobalSection
	GlobalSection(ProjectConfigurationPlatforms) = postSolution
		{E67248AF-E7F1-4FA9-954F-050C29ED07A5}.Debug|Any CPU.ActiveCfg = Debug|Any CPU
		{E67248AF-E7F1-4FA9-954F-050C29ED07A5}.Debug|Any CPU.Build.0 = Debug|Any CPU
		{E67248AF-E7F1-4FA9-954F-050C29ED07A5}.Release|Any CPU.ActiveCfg = Release|Any CPU
		{E67248AF-E7F1-4FA9-954F-050C29ED07A5}.Release|Any CPU.Build.0 = Release|Any CPU
	EndGlobalSection
	GlobalSection(SolutionProperties) = preSolution
		HideSolutionNode = FALSE
	EndGlobalSection
	GlobalSection(ExtensibilityGlobals) = postSolution
		SolutionGuid = {E6499B19-CD61-46AB-848F-D80CDBB2E26A}
	EndGlobalSection
EndGlobal
